# If the epoch is not set, `(none)` is returned instead of `0`.
- name: Get the {{ package }} NEVR
  command: "rpm -q --qf '%{NAME}-%{EPOCH}:%{VERSION}-%{RELEASE}' {{ package }}"
  args:
    warn: no
  register: package_nvr
  changed_when: no
  tags:
    - rabbitmq

- name: Check if {{ package }} is version locked
  command: yum versionlock list
  args:
    warn: no
  changed_when: no
  register: versionlock_list_result
  tags:
    - rabbitmq

- name: Lock {{ package }}
  command: "yum versionlock add {{ package_nvr.stdout | replace('(none)', '0') }}"
  args:
    warn: no
  when: (package_nvr.stdout | replace('(none)', '0')) not in versionlock_list_result.stdout
  tags:
    - rabbitmq
